
Microsoft Visual Studio Solution File, Format Version 12.00
# Visual Studio Version 17
VisualStudioVersion = 17.9.34723.18
MinimumVisualStudioVersion = 10.0.40219.1
Project("{FAE04EC0-301F-11D3-BF4B-00C04F79EFBC}") = "SignalRChat", "SignalRChat\SignalRChat.csproj", "{1695BC29-8C85-4402-B811-F2B1BB1CDEA0}"
EndProject
Global
	GlobalSection(SolutionConfigurationPlatforms) = preSolution
		Debug|Any CPU = Debug|Any CPU
		Release|Any CPU = Release|Any CPU
	EndGlobalSection
	GlobalSection(ProjectConfigurationPlatforms) = postSolution
		{1695BC29-8C85-4402-B811-F2B1BB1CDEA0}.Debug|Any CPU.ActiveCfg = Debug|Any CPU
		{1695BC29-8C85-4402-B811-F2B1BB1CDEA0}.Debug|Any CPU.Build.0 = Debug|Any CPU
		{1695BC29-8C85-4402-B811-F2B1BB1CDEA0}.Release|Any CPU.ActiveCfg = Release|Any CPU
		{1695BC29-8C85-4402-B811-F2B1BB1CDEA0}.Release|Any CPU.Build.0 = Release|Any CPU
	EndGlobalSection
	GlobalSection(SolutionProperties) = preSolution
		HideSolutionNode = FALSE
	EndGlobalSection
	GlobalSection(ExtensibilityGlobals) = postSolution
		SolutionGuid = {6F6A9538-EB22-4899-B665-002C263B3C0C}
	EndGlobalSection
EndGlobal
